
Microsoft Visual Studio Solution File, Format Version 12.00
# Visual Studio Version 17
VisualStudioVersion = 17.14.36109.1 d17.14
MinimumVisualStudioVersion = 10.0.40219.1
Project("{FAE04EC0-301F-11D3-BF4B-00C04F79EFBC}") = "ConsoleApp5", "ConsoleApp5.csproj", "{532414F9-033C-472E-860E-794300E45E4A}"
EndProject
Project("{FAE04EC0-301F-11D3-BF4B-00C04F79EFBC}") = "ConsoleApp6", "..\ConsoleApp6\ConsoleApp6.csproj", "{AFD8C164-F499-4A77-9E22-B5953881CA1D}"
EndProject
Global
	GlobalSection(SolutionConfigurationPlatforms) = preSolution
		Debug|Any CPU = Debug|Any CPU
		Release|Any CPU = Release|Any CPU
	EndGlobalSection
	GlobalSection(ProjectConfigurationPlatforms) = postSolution
		{532414F9-033C-472E-860E-794300E45E4A}.Debug|Any CPU.ActiveCfg = Debug|Any CPU
		{532414F9-033C-472E-860E-794300E45E4A}.Debug|Any CPU.Build.0 = Debug|Any CPU
		{532414F9-033C-472E-860E-794300E45E4A}.Release|Any CPU.ActiveCfg = Release|Any CPU
		{532414F9-033C-472E-860E-794300E45E4A}.Release|Any CPU.Build.0 = Release|Any CPU
		{AFD8C164-F499-4A77-9E22-B5953881CA1D}.Debug|Any CPU.ActiveCfg = Debug|Any CPU
		{AFD8C164-F499-4A77-9E22-B5953881CA1D}.Debug|Any CPU.Build.0 = Debug|Any CPU
		{AFD8C164-F499-4A77-9E22-B5953881CA1D}.Release|Any CPU.ActiveCfg = Release|Any CPU
		{AFD8C164-F499-4A77-9E22-B5953881CA1D}.Release|Any CPU.Build.0 = Release|Any CPU
	EndGlobalSection
	GlobalSection(SolutionProperties) = preSolution
		HideSolutionNode = FALSE
	EndGlobalSection
	GlobalSection(ExtensibilityGlobals) = postSolution
		SolutionGuid = {7A3CA385-014A-4FCB-AEE7-EF09424B1C3B}
	EndGlobalSection
EndGlobal
